
Microsoft Visual Studio Solution File, Format Version 12.00
# Visual Studio 14
VisualStudioVersion = 14.0.25123.0
MinimumVisualStudioVersion = 10.0.40219.1
Project("{FAE04EC0-301F-11D3-BF4B-00C04F79EFBC}") = "MADD.Droid", "MADD\MADD.Droid\MADD.Droid.csproj", "{92B35428-487D-4335-A4F7-7E06D1F5C279}"
EndProject
Project("{FAE04EC0-301F-11D3-BF4B-00C04F79EFBC}") = "MADD.iOS", "MADD\MADD.iOS\MADD.iOS.csproj", "{032C3C13-B931-4483-AFF3-2284DBB4D512}"
EndProject
Project("{FAE04EC0-301F-11D3-BF4B-00C04F79EFBC}") = "MADD.WinPhone", "MADD\MADD.WinPhone\MADD.WinPhone.csproj", "{3340CF06-FE80-47B2-8937-F0EF5E84639B}"
EndProject
Project("{FAE04EC0-301F-11D3-BF4B-00C04F79EFBC}") = "MADD.UWP", "MADD\MADD.UWP\MADD.UWP.csproj", "{DC8CCD9E-2639-4566-9EA1-26D8941E4057}"
EndProject
Project("{FAE04EC0-301F-11D3-BF4B-00C04F79EFBC}") = "MADD.Windows", "MADD\MADD.Windows\MADD.Windows.csproj", "{32CD26AC-2742-4BD8-9EDB-628D4FDC2DBC}"
EndProject
Project("{FAE04EC0-301F-11D3-BF4B-00C04F79EFBC}") = "MADD", "MADD\MADD\MADD.csproj", "{BF5B4EA3-295D-4A52-B820-ACDA37207E1A}"
EndProject
Global
	GlobalSection(SolutionConfigurationPlatforms) = preSolution
		Ad-Hoc|Any CPU = Ad-Hoc|Any CPU
		Ad-Hoc|ARM = Ad-Hoc|ARM
		Ad-Hoc|iPhone = Ad-Hoc|iPhone
		Ad-Hoc|iPhoneSimulator = Ad-Hoc|iPhoneSimulator
		Ad-Hoc|x64 = Ad-Hoc|x64
		Ad-Hoc|x86 = Ad-Hoc|x86
		AppStore|Any CPU = AppStore|Any CPU
		AppStore|ARM = AppStore|ARM
		AppStore|iPhone = AppStore|iPhone
		AppStore|iPhoneSimulator = AppStore|iPhoneSimulator
		AppStore|x64 = AppStore|x64
		AppStore|x86 = AppStore|x86
		Debug|Any CPU = Debug|Any CPU
		Debug|ARM = Debug|ARM
		Debug|iPhone = Debug|iPhone
		Debug|iPhoneSimulator = Debug|iPhoneSimulator
		Debug|x64 = Debug|x64
		Debug|x86 = Debug|x86
		Release|Any CPU = Release|Any CPU
		Release|ARM = Release|ARM
		Release|iPhone = Release|iPhone
		Release|iPhoneSimulator = Release|iPhoneSimulator
		Release|x64 = Release|x64
		Release|x86 = Release|x86
	EndGlobalSection
	GlobalSection(ProjectConfigurationPlatforms) = postSolution
		{92B35428-487D-4335-A4F7-7E06D1F5C279}.Ad-Hoc|Any CPU.ActiveCfg = Release|Any CPU
		{92B35428-487D-4335-A4F7-7E06D1F5C279}.Ad-Hoc|Any CPU.Build.0 = Release|Any CPU
		{92B35428-487D-4335-A4F7-7E06D1F5C279}.Ad-Hoc|Any CPU.Deploy.0 = Release|Any CPU
		{92B35428-487D-4335-A4F7-7E06D1F5C279}.Ad-Hoc|ARM.ActiveCfg = Debug|Any CPU
		{92B35428-487D-4335-A4F7-7E06D1F5C279}.Ad-Hoc|ARM.Build.0 = Debug|Any CPU
		{92B35428-487D-4335-A4F7-7E06D1F5C279}.Ad-Hoc|ARM.Deploy.0 = Debug|Any CPU
		{92B35428-487D-4335-A4F7-7E06D1F5C279}.Ad-Hoc|iPhone.ActiveCfg = Release|Any CPU
		{92B35428-487D-4335-A4F7-7E06D1F5C279}.Ad-Hoc|iPhone.Build.0 = Release|Any CPU
		{92B35428-487D-4335-A4F7-7E06D1F5C279}.Ad-Hoc|iPhone.Deploy.0 = Release|Any CPU
		{92B35428-487D-4335-A4F7-7E06D1F5C279}.Ad-Hoc|iPhoneSimulator.ActiveCfg = Release|Any CPU
		{92B35428-487D-4335-A4F7-7E06D1F5C279}.Ad-Hoc|iPhoneSimulator.Build.0 = Release|Any CPU
		{92B35428-487D-4335-A4F7-7E06D1F5C279}.Ad-Hoc|iPhoneSimulator.Deploy.0 = Release|Any CPU
		{92B35428-487D-4335-A4F7-7E06D1F5C279}.Ad-Hoc|x64.ActiveCfg = Release|Any CPU
		{92B35428-487D-4335-A4F7-7E06D1F5C279}.Ad-Hoc|x64.Build.0 = Release|Any CPU
		{92B35428-487D-4335-A4F7-7E06D1F5C279}.Ad-Hoc|x64.Deploy.0 = Release|Any CPU
		{92B35428-487D-4335-A4F7-7E06D1F5C279}.Ad-Hoc|x86.ActiveCfg = Release|Any CPU
		{92B35428-487D-4335-A4F7-7E06D1F5C279}.Ad-Hoc|x86.Build.0 = Release|Any CPU
		{92B35428-487D-4335-A4F7-7E06D1F5C279}.Ad-Hoc|x86.Deploy.0 = Release|Any CPU
		{92B35428-487D-4335-A4F7-7E06D1F5C279}.AppStore|Any CPU.ActiveCfg = Release|Any CPU
		{92B35428-487D-4335-A4F7-7E06D1F5C279}.AppStore|Any CPU.Build.0 = Release|Any CPU
		{92B35428-487D-4335-A4F7-7E06D1F5C279}.AppStore|Any CPU.Deploy.0 = Release|Any CPU
		{92B35428-487D-4335-A4F7-7E06D1F5C279}.AppStore|ARM.ActiveCfg = Debug|Any CPU
		{92B35428-487D-4335-A4F7-7E06D1F5C279}.AppStore|ARM.Build.0 = Debug|Any CPU
		{92B35428-487D-4335-A4F7-7E06D1F5C279}.AppStore|ARM.Deploy.0 = Debug|Any CPU
		{92B35428-487D-4335-A4F7-7E06D1F5C279}.AppStore|iPhone.ActiveCfg = Release|Any CPU
		{92B35428-487D-4335-A4F7-7E06D1F5C279}.AppStore|iPhone.Build.0 = Release|Any CPU
		{92B35428-487D-4335-A4F7-7E06D1F5C279}.AppStore|iPhone.Deploy.0 = Release|Any CPU
		{92B35428-487D-4335-A4F7-7E06D1F5C279}.AppStore|iPhoneSimulator.ActiveCfg = Release|Any CPU
		{92B35428-487D-4335-A4F7-7E06D1F5C279}.AppStore|iPhoneSimulator.Build.0 = Release|Any CPU
		{92B35428-487D-4335-A4F7-7E06D1F5C279}.AppStore|iPhoneSimulator.Deploy.0 = Release|Any CPU
		{92B35428-487D-4335-A4F7-7E06D1F5C279}.AppStore|x64.ActiveCfg = Release|Any CPU
		{92B35428-487D-4335-A4F7-7E06D1F5C279}.AppStore|x64.Build.0 = Release|Any CPU
		{92B35428-487D-4335-A4F7-7E06D1F5C279}.AppStore|x64.Deploy.0 = Release|Any CPU
		{92B35428-487D-4335-A4F7-7E06D1F5C279}.AppStore|x86.ActiveCfg = Release|Any CPU
		{92B35428-487D-4335-A4F7-7E06D1F5C279}.AppStore|x86.Build.0 = Release|Any CPU
		{92B35428-487D-4335-A4F7-7E06D1F5C279}.AppStore|x86.Deploy.0 = Release|Any CPU
		{92B35428-487D-4335-A4F7-7E06D1F5C279}.Debug|Any CPU.ActiveCfg = Debug|Any CPU
		{92B35428-487D-4335-A4F7-7E06D1F5C279}.Debug|Any CPU.Build.0 = Debug|Any CPU
		{92B35428-487D-4335-A4F7-7E06D1F5C279}.Debug|Any CPU.Deploy.0 = Debug|Any CPU
		{92B35428-487D-4335-A4F7-7E06D1F5C279}.Debug|ARM.ActiveCfg = Debug|Any CPU
		{92B35428-487D-4335-A4F7-7E06D1F5C279}.Debug|ARM.Build.0 = Debug|Any CPU
		{92B35428-487D-4335-A4F7-7E06D1F5C279}.Debug|ARM.Deploy.0 = Debug|Any CPU
		{92B35428-487D-4335-A4F7-7E06D1F5C279}.Debug|iPhone.ActiveCfg = Debug|Any CPU
		{92B35428-487D-4335-A4F7-7E06D1F5C279}.Debug|iPhone.Build.0 = Debug|Any CPU
		{92B35428-487D-4335-A4F7-7E06D1F5C279}.Debug|iPhone.Deploy.0 = Debug|Any CPU
		{92B35428-487D-4335-A4F7-7E06D1F5C279}.Debug|iPhoneSimulator.ActiveCfg = Debug|Any CPU
		{92B35428-487D-4335-A4F7-7E06D1F5C279}.Debug|iPhoneSimulator.Build.0 = Debug|Any CPU
		{92B35428-487D-4335-A4F7-7E06D1F5C279}.Debug|iPhoneSimulator.Deploy.0 = Debug|Any CPU
		{92B35428-487D-4335-A4F7-7E06D1F5C279}.Debug|x64.ActiveCfg = Debug|Any CPU
		{92B35428-487D-4335-A4F7-7E06D1F5C279}.Debug|x64.Build.0 = Debug|Any CPU
		{92B35428-487D-4335-A4F7-7E06D1F5C279}.Debug|x64.Deploy.0 = Debug|Any CPU
		{92B35428-487D-4335-A4F7-7E06D1F5C279}.Debug|x86.ActiveCfg = Debug|Any CPU
		{92B35428-487D-4335-A4F7-7E06D1F5C279}.Debug|x86.Build.0 = Debug|Any CPU
		{92B35428-487D-4335-A4F7-7E06D1F5C279}.Debug|x86.Deploy.0 = Debug|Any CPU
		{92B35428-487D-4335-A4F7-7E06D1F5C279}.Release|Any CPU.ActiveCfg = Release|Any CPU
		{92B35428-487D-4335-A4F7-7E06D1F5C279}.Release|Any CPU.Build.0 = Release|Any CPU
		{92B35428-487D-4335-A4F7-7E06D1F5C279}.Release|Any CPU.Deploy.0 = Release|Any CPU
		{92B35428-487D-4335-A4F7-7E06D1F5C279}.Release|ARM.ActiveCfg = Debug|Any CPU
		{92B35428-487D-4335-A4F7-7E06D1F5C279}.Release|ARM.Build.0 = Debug|Any CPU
		{92B35428-487D-4335-A4F7-7E06D1F5C279}.Release|ARM.Deploy.0 = Debug|Any CPU
		{92B35428-487D-4335-A4F7-7E06D1F5C279}.Release|iPhone.ActiveCfg = Release|Any CPU
		{92B35428-487D-4335-A4F7-7E06D1F5C279}.Release|iPhone.Build.0 = Release|Any CPU
		{92B35428-487D-4335-A4F7-7E06D1F5C279}.Release|iPhone.Deploy.0 = Release|Any CPU
		{92B35428-487D-4335-A4F7-7E06D1F5C279}.Release|iPhoneSimulator.ActiveCfg = Release|Any CPU
		{92B35428-487D-4335-A4F7-7E06D1F5C279}.Release|iPhoneSimulator.Build.0 = Release|Any CPU
		{92B35428-487D-4335-A4F7-7E06D1F5C279}.Release|iPhoneSimulator.Deploy.0 = Release|Any CPU
		{92B35428-487D-4335-A4F7-7E06D1F5C279}.Release|x64.ActiveCfg = Release|Any CPU
		{92B35428-487D-4335-A4F7-7E06D1F5C279}.Release|x64.Build.0 = Release|Any CPU
		{92B35428-487D-4335-A4F7-7E06D1F5C279}.Release|x64.Deploy.0 = Release|Any CPU
		{92B35428-487D-4335-A4F7-7E06D1F5C279}.Release|x86.ActiveCfg = Release|Any CPU
		{92B35428-487D-4335-A4F7-7E06D1F5C279}.Release|x86.Build.0 = Release|Any CPU
		{92B35428-487D-4335-A4F7-7E06D1F5C279}.Release|x86.Deploy.0 = Release|Any CPU
		{032C3C13-B931-4483-AFF3-2284DBB4D512}.Ad-Hoc|Any CPU.ActiveCfg = Ad-Hoc|iPhone
		{032C3C13-B931-4483-AFF3-2284DBB4D512}.Ad-Hoc|ARM.ActiveCfg = Release|iPhone
		{032C3C13-B931-4483-AFF3-2284DBB4D512}.Ad-Hoc|ARM.Build.0 = Release|iPhone
		{032C3C13-B931-4483-AFF3-2284DBB4D512}.Ad-Hoc|iPhone.ActiveCfg = Ad-Hoc|iPhone
		{032C3C13-B931-4483-AFF3-2284DBB4D512}.Ad-Hoc|iPhone.Build.0 = Ad-Hoc|iPhone
		{032C3C13-B931-4483-AFF3-2284DBB4D512}.Ad-Hoc|iPhoneSimulator.ActiveCfg = Ad-Hoc|iPhoneSimulator
		{032C3C13-B931-4483-AFF3-2284DBB4D512}.Ad-Hoc|iPhoneSimulator.Build.0 = Ad-Hoc|iPhoneSimulator
		{032C3C13-B931-4483-AFF3-2284DBB4D512}.Ad-Hoc|x64.ActiveCfg = Ad-Hoc|iPhone
		{032C3C13-B931-4483-AFF3-2284DBB4D512}.Ad-Hoc|x86.ActiveCfg = Ad-Hoc|iPhone
		{032C3C13-B931-4483-AFF3-2284DBB4D512}.AppStore|Any CPU.ActiveCfg = AppStore|iPhone
		{032C3C13-B931-4483-AFF3-2284DBB4D512}.AppStore|ARM.ActiveCfg = Release|iPhone
		{032C3C13-B931-4483-AFF3-2284DBB4D512}.AppStore|ARM.Build.0 = Release|iPhone
		{032C3C13-B931-4483-AFF3-2284DBB4D512}.AppStore|iPhone.ActiveCfg = AppStore|iPhone
		{032C3C13-B931-4483-AFF3-2284DBB4D512}.AppStore|iPhone.Build.0 = AppStore|iPhone
		{032C3C13-B931-4483-AFF3-2284DBB4D512}.AppStore|iPhoneSimulator.ActiveCfg = AppStore|iPhoneSimulator
		{032C3C13-B931-4483-AFF3-2284DBB4D512}.AppStore|iPhoneSimulator.Build.0 = AppStore|iPhoneSimulator
		{032C3C13-B931-4483-AFF3-2284DBB4D512}.AppStore|x64.ActiveCfg = AppStore|iPhone
		{032C3C13-B931-4483-AFF3-2284DBB4D512}.AppStore|x86.ActiveCfg = AppStore|iPhone
		{032C3C13-B931-4483-AFF3-2284DBB4D512}.Debug|Any CPU.ActiveCfg = Debug|iPhone
		{032C3C13-B931-4483-AFF3-2284DBB4D512}.Debug|ARM.ActiveCfg = Release|iPhone
		{032C3C13-B931-4483-AFF3-2284DBB4D512}.Debug|ARM.Build.0 = Release|iPhone
		{032C3C13-B931-4483-AFF3-2284DBB4D512}.Debug|iPhone.ActiveCfg = Debug|iPhone
		{032C3C13-B931-4483-AFF3-2284DBB4D512}.Debug|iPhone.Build.0 = Debug|iPhone
		{032C3C13-B931-4483-AFF3-2284DBB4D512}.Debug|iPhoneSimulator.ActiveCfg = Debug|iPhoneSimulator
		{032C3C13-B931-4483-AFF3-2284DBB4D512}.Debug|iPhoneSimulator.Build.0 = Debug|iPhoneSimulator
		{032C3C13-B931-4483-AFF3-2284DBB4D512}.Debug|iPhoneSimulator.Deploy.0 = Debug|iPhoneSimulator
		{032C3C13-B931-4483-AFF3-2284DBB4D512}.Debug|x64.ActiveCfg = Debug|iPhone
		{032C3C13-B931-4483-AFF3-2284DBB4D512}.Debug|x86.ActiveCfg = Debug|iPhone
		{032C3C13-B931-4483-AFF3-2284DBB4D512}.Release|Any CPU.ActiveCfg = Release|iPhone
		{032C3C13-B931-4483-AFF3-2284DBB4D512}.Release|ARM.ActiveCfg = Release|iPhone
		{032C3C13-B931-4483-AFF3-2284DBB4D512}.Release|ARM.Build.0 = Release|iPhone
		{032C3C13-B931-4483-AFF3-2284DBB4D512}.Release|iPhone.ActiveCfg = Release|iPhone
		{032C3C13-B931-4483-AFF3-2284DBB4D512}.Release|iPhone.Build.0 = Release|iPhone
		{032C3C13-B931-4483-AFF3-2284DBB4D512}.Release|iPhoneSimulator.ActiveCfg = Debug|iPhoneSimulator
		{032C3C13-B931-4483-AFF3-2284DBB4D512}.Release|iPhoneSimulator.Build.0 = Debug|iPhoneSimulator
		{032C3C13-B931-4483-AFF3-2284DBB4D512}.Release|iPhoneSimulator.Deploy.0 = Debug|iPhoneSimulator
		{032C3C13-B931-4483-AFF3-2284DBB4D512}.Release|x64.ActiveCfg = Release|iPhone
		{032C3C13-B931-4483-AFF3-2284DBB4D512}.Release|x86.ActiveCfg = Release|iPhone
		{3340CF06-FE80-47B2-8937-F0EF5E84639B}.Ad-Hoc|Any CPU.ActiveCfg = Release|Any CPU
		{3340CF06-FE80-47B2-8937-F0EF5E84639B}.Ad-Hoc|Any CPU.Build.0 = Release|Any CPU
		{3340CF06-FE80-47B2-8937-F0EF5E84639B}.Ad-Hoc|Any CPU.Deploy.0 = Release|Any CPU
		{3340CF06-FE80-47B2-8937-F0EF5E84639B}.Ad-Hoc|ARM.ActiveCfg = Release|ARM
		{3340CF06-FE80-47B2-8937-F0EF5E84639B}.Ad-Hoc|ARM.Build.0 = Release|ARM
		{3340CF06-FE80-47B2-8937-F0EF5E84639B}.Ad-Hoc|ARM.Deploy.0 = Release|ARM
		{3340CF06-FE80-47B2-8937-F0EF5E84639B}.Ad-Hoc|iPhone.ActiveCfg = Release|Any CPU
		{3340CF06-FE80-47B2-8937-F0EF5E84639B}.Ad-Hoc|iPhone.Build.0 = Release|Any CPU
		{3340CF06-FE80-47B2-8937-F0EF5E84639B}.Ad-Hoc|iPhone.Deploy.0 = Release|Any CPU
		{3340CF06-FE80-47B2-8937-F0EF5E84639B}.Ad-Hoc|iPhoneSimulator.ActiveCfg = Release|Any CPU
		{3340CF06-FE80-47B2-8937-F0EF5E84639B}.Ad-Hoc|iPhoneSimulator.Build.0 = Release|Any CPU
		{3340CF06-FE80-47B2-8937-F0EF5E84639B}.Ad-Hoc|iPhoneSimulator.Deploy.0 = Release|Any CPU
		{3340CF06-FE80-47B2-8937-F0EF5E84639B}.Ad-Hoc|x64.ActiveCfg = Release|Any CPU
		{3340CF06-FE80-47B2-8937-F0EF5E84639B}.Ad-Hoc|x64.Build.0 = Release|Any CPU
		{3340CF06-FE80-47B2-8937-F0EF5E84639B}.Ad-Hoc|x64.Deploy.0 = Release|Any CPU
		{3340CF06-FE80-47B2-8937-F0EF5E84639B}.Ad-Hoc|x86.ActiveCfg = Release|x86
		{3340CF06-FE80-47B2-8937-F0EF5E84639B}.Ad-Hoc|x86.Build.0 = Release|x86
		{3340CF06-FE80-47B2-8937-F0EF5E84639B}.Ad-Hoc|x86.Deploy.0 = Release|x86
		{3340CF06-FE80-47B2-8937-F0EF5E84639B}.AppStore|Any CPU.ActiveCfg = Release|Any CPU
		{3340CF06-FE80-47B2-8937-F0EF5E84639B}.AppStore|Any CPU.Build.0 = Release|Any CPU
		{3340CF06-FE80-47B2-8937-F0EF5E84639B}.AppStore|Any CPU.Deploy.0 = Release|Any CPU
		{3340CF06-FE80-47B2-8937-F0EF5E84639B}.AppStore|ARM.ActiveCfg = Release|ARM
		{3340CF06-FE80-47B2-8937-F0EF5E84639B}.AppStore|ARM.Build.0 = Release|ARM
		{3340CF06-FE80-47B2-8937-F0EF5E84639B}.AppStore|ARM.Deploy.0 = Release|ARM
		{3340CF06-FE80-47B2-8937-F0EF5E84639B}.AppStore|iPhone.ActiveCfg = Release|Any CPU
		{3340CF06-FE80-47B2-8937-F0EF5E84639B}.AppStore|iPhone.Build.0 = Release|Any CPU
		{3340CF06-FE80-47B2-8937-F0EF5E84639B}.AppStore|iPhone.Deploy.0 = Release|Any CPU
		{3340CF06-FE80-47B2-8937-F0EF5E84639B}.AppStore|iPhoneSimulator.ActiveCfg = Release|Any CPU
		{3340CF06-FE80-47B2-8937-F0EF5E84639B}.AppStore|iPhoneSimulator.Build.0 = Release|Any CPU
		{3340CF06-FE80-47B2-8937-F0EF5E84639B}.AppStore|iPhoneSimulator.Deploy.0 = Release|Any CPU
		{3340CF06-FE80-47B2-8937-F0EF5E84639B}.AppStore|x64.ActiveCfg = Release|Any CPU
		{3340CF06-FE80-47B2-8937-F0EF5E84639B}.AppStore|x64.Build.0 = Release|Any CPU
		{3340CF06-FE80-47B2-8937-F0EF5E84639B}.AppStore|x64.Deploy.0 = Release|Any CPU
		{3340CF06-FE80-47B2-8937-F0EF5E84639B}.AppStore|x86.ActiveCfg = Release|x86
		{3340CF06-FE80-47B2-8937-F0EF5E84639B}.AppStore|x86.Build.0 = Release|x86
		{3340CF06-FE80-47B2-8937-F0EF5E84639B}.AppStore|x86.Deploy.0 = Release|x86
		{3340CF06-FE80-47B2-8937-F0EF5E84639B}.Debug|Any CPU.ActiveCfg = Debug|Any CPU
		{3340CF06-FE80-47B2-8937-F0EF5E84639B}.Debug|Any CPU.Build.0 = Debug|Any CPU
		{3340CF06-FE80-47B2-8937-F0EF5E84639B}.Debug|Any CPU.Deploy.0 = Debug|Any CPU
		{3340CF06-FE80-47B2-8937-F0EF5E84639B}.Debug|ARM.ActiveCfg = Debug|ARM
		{3340CF06-FE80-47B2-8937-F0EF5E84639B}.Debug|ARM.Build.0 = Debug|ARM
		{3340CF06-FE80-47B2-8937-F0EF5E84639B}.Debug|ARM.Deploy.0 = Debug|ARM
		{3340CF06-FE80-47B2-8937-F0EF5E84639B}.Debug|iPhone.ActiveCfg = Debug|Any CPU
		{3340CF06-FE80-47B2-8937-F0EF5E84639B}.Debug|iPhone.Build.0 = Debug|Any CPU
		{3340CF06-FE80-47B2-8937-F0EF5E84639B}.Debug|iPhone.Deploy.0 = Debug|Any CPU
		{3340CF06-FE80-47B2-8937-F0EF5E84639B}.Debug|iPhoneSimulator.ActiveCfg = Debug|Any CPU
		{3340CF06-FE80-47B2-8937-F0EF5E84639B}.Debug|iPhoneSimulator.Build.0 = Debug|Any CPU
		{3340CF06-FE80-47B2-8937-F0EF5E84639B}.Debug|iPhoneSimulator.Deploy.0 = Debug|Any CPU
		{3340CF06-FE80-47B2-8937-F0EF5E84639B}.Debug|x64.ActiveCfg = Debug|Any CPU
		{3340CF06-FE80-47B2-8937-F0EF5E84639B}.Debug|x64.Build.0 = Debug|Any CPU
		{3340CF06-FE80-47B2-8937-F0EF5E84639B}.Debug|x64.Deploy.0 = Debug|Any CPU
		{3340CF06-FE80-47B2-8937-F0EF5E84639B}.Debug|x86.ActiveCfg = Debug|x86
		{3340CF06-FE80-47B2-8937-F0EF5E84639B}.Debug|x86.Build.0 = Debug|x86
		{3340CF06-FE80-47B2-8937-F0EF5E84639B}.Debug|x86.Deploy.0 = Debug|x86
		{3340CF06-FE80-47B2-8937-F0EF5E84639B}.Release|Any CPU.ActiveCfg = Release|Any CPU
		{3340CF06-FE80-47B2-8937-F0EF5E84639B}.Release|Any CPU.Build.0 = Release|Any CPU
		{3340CF06-FE80-47B2-8937-F0EF5E84639B}.Release|Any CPU.Deploy.0 = Release|Any CPU
		{3340CF06-FE80-47B2-8937-F0EF5E84639B}.Release|ARM.ActiveCfg = Release|ARM
		{3340CF06-FE80-47B2-8937-F0EF5E84639B}.Release|ARM.Build.0 = Release|ARM
		{3340CF06-FE80-47B2-8937-F0EF5E84639B}.Release|ARM.Deploy.0 = Release|ARM
		{3340CF06-FE80-47B2-8937-F0EF5E84639B}.Release|iPhone.ActiveCfg = Release|Any CPU
		{3340CF06-FE80-47B2-8937-F0EF5E84639B}.Release|iPhone.Build.0 = Release|Any CPU
		{3340CF06-FE80-47B2-8937-F0EF5E84639B}.Release|iPhone.Deploy.0 = Release|Any CPU
		{3340CF06-FE80-47B2-8937-F0EF5E84639B}.Release|iPhoneSimulator.ActiveCfg = Release|Any CPU
		{3340CF06-FE80-47B2-8937-F0EF5E84639B}.Release|iPhoneSimulator.Build.0 = Release|Any CPU
		{3340CF06-FE80-47B2-8937-F0EF5E84639B}.Release|iPhoneSimulator.Deploy.0 = Release|Any CPU
		{3340CF06-FE80-47B2-8937-F0EF5E84639B}.Release|x64.ActiveCfg = Release|Any CPU
		{3340CF06-FE80-47B2-8937-F0EF5E84639B}.Release|x64.Build.0 = Release|Any CPU
		{3340CF06-FE80-47B2-8937-F0EF5E84639B}.Release|x64.Deploy.0 = Release|Any CPU
		{3340CF06-FE80-47B2-8937-F0EF5E84639B}.Release|x86.ActiveCfg = Release|x86
		{3340CF06-FE80-47B2-8937-F0EF5E84639B}.Release|x86.Build.0 = Release|x86
		{3340CF06-FE80-47B2-8937-F0EF5E84639B}.Release|x86.Deploy.0 = Release|x86
		{DC8CCD9E-2639-4566-9EA1-26D8941E4057}.Ad-Hoc|Any CPU.ActiveCfg = Release|x86
		{DC8CCD9E-2639-4566-9EA1-26D8941E4057}.Ad-Hoc|Any CPU.Build.0 = Release|x86
		{DC8CCD9E-2639-4566-9EA1-26D8941E4057}.Ad-Hoc|Any CPU.Deploy.0 = Release|x86
		{DC8CCD9E-2639-4566-9EA1-26D8941E4057}.Ad-Hoc|ARM.ActiveCfg = Debug|x86
		{DC8CCD9E-2639-4566-9EA1-26D8941E4057}.Ad-Hoc|ARM.Build.0 = Debug|x86
		{DC8CCD9E-2639-4566-9EA1-26D8941E4057}.Ad-Hoc|ARM.Deploy.0 = Debug|x86
		{DC8CCD9E-2639-4566-9EA1-26D8941E4057}.Ad-Hoc|iPhone.ActiveCfg = Release|x86
		{DC8CCD9E-2639-4566-9EA1-26D8941E4057}.Ad-Hoc|iPhone.Build.0 = Release|x86
		{DC8CCD9E-2639-4566-9EA1-26D8941E4057}.Ad-Hoc|iPhone.Deploy.0 = Release|x86
		{DC8CCD9E-2639-4566-9EA1-26D8941E4057}.Ad-Hoc|iPhoneSimulator.ActiveCfg = Release|x86
		{DC8CCD9E-2639-4566-9EA1-26D8941E4057}.Ad-Hoc|iPhoneSimulator.Build.0 = Release|x86
		{DC8CCD9E-2639-4566-9EA1-26D8941E4057}.Ad-Hoc|iPhoneSimulator.Deploy.0 = Release|x86
		{DC8CCD9E-2639-4566-9EA1-26D8941E4057}.Ad-Hoc|x64.ActiveCfg = Release|x64
		{DC8CCD9E-2639-4566-9EA1-26D8941E4057}.Ad-Hoc|x64.Build.0 = Release|x64
		{DC8CCD9E-2639-4566-9EA1-26D8941E4057}.Ad-Hoc|x64.Deploy.0 = Release|x64
		{DC8CCD9E-2639-4566-9EA1-26D8941E4057}.Ad-Hoc|x86.ActiveCfg = Release|x86
		{DC8CCD9E-2639-4566-9EA1-26D8941E4057}.Ad-Hoc|x86.Build.0 = Release|x86
		{DC8CCD9E-2639-4566-9EA1-26D8941E4057}.Ad-Hoc|x86.Deploy.0 = Release|x86
		{DC8CCD9E-2639-4566-9EA1-26D8941E4057}.AppStore|Any CPU.ActiveCfg = Release|x86
		{DC8CCD9E-2639-4566-9EA1-26D8941E4057}.AppStore|Any CPU.Build.0 = Release|x86
		{DC8CCD9E-2639-4566-9EA1-26D8941E4057}.AppStore|Any CPU.Deploy.0 = Release|x86
		{DC8CCD9E-2639-4566-9EA1-26D8941E4057}.AppStore|ARM.ActiveCfg = Debug|x86
		{DC8CCD9E-2639-4566-9EA1-26D8941E4057}.AppStore|ARM.Build.0 = Debug|x86
		{DC8CCD9E-2639-4566-9EA1-26D8941E4057}.AppStore|ARM.Deploy.0 = Debug|x86
		{DC8CCD9E-2639-4566-9EA1-26D8941E4057}.AppStore|iPhone.ActiveCfg = Release|x86
		{DC8CCD9E-2639-4566-9EA1-26D8941E4057}.AppStore|iPhone.Build.0 = Release|x86
		{DC8CCD9E-2639-4566-9EA1-26D8941E4057}.AppStore|iPhone.Deploy.0 = Release|x86
		{DC8CCD9E-2639-4566-9EA1-26D8941E4057}.AppStore|iPhoneSimulator.ActiveCfg = Release|x86
		{DC8CCD9E-2639-4566-9EA1-26D8941E4057}.AppStore|iPhoneSimulator.Build.0 = Release|x86
		{DC8CCD9E-2639-4566-9EA1-26D8941E4057}.AppStore|iPhoneSimulator.Deploy.0 = Release|x86
		{DC8CCD9E-2639-4566-9EA1-26D8941E4057}.AppStore|x64.ActiveCfg = Release|x64
		{DC8CCD9E-2639-4566-9EA1-26D8941E4057}.AppStore|x64.Build.0 = Release|x64
		{DC8CCD9E-2639-4566-9EA1-26D8941E4057}.AppStore|x64.Deploy.0 = Release|x64
		{DC8CCD9E-2639-4566-9EA1-26D8941E4057}.AppStore|x86.ActiveCfg = Release|x86
		{DC8CCD9E-2639-4566-9EA1-26D8941E4057}.AppStore|x86.Build.0 = Release|x86
		{DC8CCD9E-2639-4566-9EA1-26D8941E4057}.AppStore|x86.Deploy.0 = Release|x86
		{DC8CCD9E-2639-4566-9EA1-26D8941E4057}.Debug|Any CPU.ActiveCfg = Debug|x86
		{DC8CCD9E-2639-4566-9EA1-26D8941E4057}.Debug|Any CPU.Build.0 = Debug|x86
		{DC8CCD9E-2639-4566-9EA1-26D8941E4057}.Debug|Any CPU.Deploy.0 = Debug|x86
		{DC8CCD9E-2639-4566-9EA1-26D8941E4057}.Debug|ARM.ActiveCfg = Debug|x86
		{DC8CCD9E-2639-4566-9EA1-26D8941E4057}.Debug|ARM.Build.0 = Debug|x86
		{DC8CCD9E-2639-4566-9EA1-26D8941E4057}.Debug|ARM.Deploy.0 = Debug|x86
		{DC8CCD9E-2639-4566-9EA1-26D8941E4057}.Debug|iPhone.ActiveCfg = Debug|x86
		{DC8CCD9E-2639-4566-9EA1-26D8941E4057}.Debug|iPhoneSimulator.ActiveCfg = Debug|x86
		{DC8CCD9E-2639-4566-9EA1-26D8941E4057}.Debug|x64.ActiveCfg = Debug|x64
		{DC8CCD9E-2639-4566-9EA1-26D8941E4057}.Debug|x64.Build.0 = Debug|x64
		{DC8CCD9E-2639-4566-9EA1-26D8941E4057}.Debug|x64.Deploy.0 = Debug|x64
		{DC8CCD9E-2639-4566-9EA1-26D8941E4057}.Debug|x86.ActiveCfg = Debug|x86
		{DC8CCD9E-2639-4566-9EA1-26D8941E4057}.Debug|x86.Build.0 = Debug|x86
		{DC8CCD9E-2639-4566-9EA1-26D8941E4057}.Debug|x86.Deploy.0 = Debug|x86
		{DC8CCD9E-2639-4566-9EA1-26D8941E4057}.Release|Any CPU.ActiveCfg = Release|x86
		{DC8CCD9E-2639-4566-9EA1-26D8941E4057}.Release|ARM.ActiveCfg = Debug|x86
		{DC8CCD9E-2639-4566-9EA1-26D8941E4057}.Release|ARM.Build.0 = Debug|x86
		{DC8CCD9E-2639-4566-9EA1-26D8941E4057}.Release|ARM.Deploy.0 = Debug|x86
		{DC8CCD9E-2639-4566-9EA1-26D8941E4057}.Release|iPhone.ActiveCfg = Release|x86
		{DC8CCD9E-2639-4566-9EA1-26D8941E4057}.Release|iPhoneSimulator.ActiveCfg = Release|x86
		{DC8CCD9E-2639-4566-9EA1-26D8941E4057}.Release|iPhoneSimulator.Build.0 = Release|x86
		{DC8CCD9E-2639-4566-9EA1-26D8941E4057}.Release|iPhoneSimulator.Deploy.0 = Release|x86
		{DC8CCD9E-2639-4566-9EA1-26D8941E4057}.Release|x64.ActiveCfg = Release|x64
		{DC8CCD9E-2639-4566-9EA1-26D8941E4057}.Release|x64.Build.0 = Release|x64
		{DC8CCD9E-2639-4566-9EA1-26D8941E4057}.Release|x64.Deploy.0 = Release|x64
		{DC8CCD9E-2639-4566-9EA1-26D8941E4057}.Release|x86.ActiveCfg = Release|x86
		{DC8CCD9E-2639-4566-9EA1-26D8941E4057}.Release|x86.Build.0 = Release|x86
		{DC8CCD9E-2639-4566-9EA1-26D8941E4057}.Release|x86.Deploy.0 = Release|x86
		{32CD26AC-2742-4BD8-9EDB-628D4FDC2DBC}.Ad-Hoc|Any CPU.ActiveCfg = Release|Any CPU
		{32CD26AC-2742-4BD8-9EDB-628D4FDC2DBC}.Ad-Hoc|Any CPU.Build.0 = Release|Any CPU
		{32CD26AC-2742-4BD8-9EDB-628D4FDC2DBC}.Ad-Hoc|Any CPU.Deploy.0 = Release|Any CPU
		{32CD26AC-2742-4BD8-9EDB-628D4FDC2DBC}.Ad-Hoc|ARM.ActiveCfg = Release|ARM
		{32CD26AC-2742-4BD8-9EDB-628D4FDC2DBC}.Ad-Hoc|ARM.Build.0 = Release|ARM
		{32CD26AC-2742-4BD8-9EDB-628D4FDC2DBC}.Ad-Hoc|ARM.Deploy.0 = Release|ARM
		{32CD26AC-2742-4BD8-9EDB-628D4FDC2DBC}.Ad-Hoc|iPhone.ActiveCfg = Release|Any CPU
		{32CD26AC-2742-4BD8-9EDB-628D4FDC2DBC}.Ad-Hoc|iPhone.Build.0 = Release|Any CPU
		{32CD26AC-2742-4BD8-9EDB-628D4FDC2DBC}.Ad-Hoc|iPhone.Deploy.0 = Release|Any CPU
		{32CD26AC-2742-4BD8-9EDB-628D4FDC2DBC}.Ad-Hoc|iPhoneSimulator.ActiveCfg = Release|Any CPU
		{32CD26AC-2742-4BD8-9EDB-628D4FDC2DBC}.Ad-Hoc|iPhoneSimulator.Build.0 = Release|Any CPU
		{32CD26AC-2742-4BD8-9EDB-628D4FDC2DBC}.Ad-Hoc|iPhoneSimulator.Deploy.0 = Release|Any CPU
		{32CD26AC-2742-4BD8-9EDB-628D4FDC2DBC}.Ad-Hoc|x64.ActiveCfg = Release|x64
		{32CD26AC-2742-4BD8-9EDB-628D4FDC2DBC}.Ad-Hoc|x64.Build.0 = Release|x64
		{32CD26AC-2742-4BD8-9EDB-628D4FDC2DBC}.Ad-Hoc|x64.Deploy.0 = Release|x64
		{32CD26AC-2742-4BD8-9EDB-628D4FDC2DBC}.Ad-Hoc|x86.ActiveCfg = Release|x86
		{32CD26AC-2742-4BD8-9EDB-628D4FDC2DBC}.Ad-Hoc|x86.Build.0 = Release|x86
		{32CD26AC-2742-4BD8-9EDB-628D4FDC2DBC}.Ad-Hoc|x86.Deploy.0 = Release|x86
		{32CD26AC-2742-4BD8-9EDB-628D4FDC2DBC}.AppStore|Any CPU.ActiveCfg = Release|Any CPU
		{32CD26AC-2742-4BD8-9EDB-628D4FDC2DBC}.AppStore|Any CPU.Build.0 = Release|Any CPU
		{32CD26AC-2742-4BD8-9EDB-628D4FDC2DBC}.AppStore|Any CPU.Deploy.0 = Release|Any CPU
		{32CD26AC-2742-4BD8-9EDB-628D4FDC2DBC}.AppStore|ARM.ActiveCfg = Release|ARM
		{32CD26AC-2742-4BD8-9EDB-628D4FDC2DBC}.AppStore|ARM.Build.0 = Release|ARM
		{32CD26AC-2742-4BD8-9EDB-628D4FDC2DBC}.AppStore|ARM.Deploy.0 = Release|ARM
		{32CD26AC-2742-4BD8-9EDB-628D4FDC2DBC}.AppStore|iPhone.ActiveCfg = Release|Any CPU
		{32CD26AC-2742-4BD8-9EDB-628D4FDC2DBC}.AppStore|iPhone.Build.0 = Release|Any CPU
		{32CD26AC-2742-4BD8-9EDB-628D4FDC2DBC}.AppStore|iPhone.Deploy.0 = Release|Any CPU
		{32CD26AC-2742-4BD8-9EDB-628D4FDC2DBC}.AppStore|iPhoneSimulator.ActiveCfg = Release|Any CPU
		{32CD26AC-2742-4BD8-9EDB-628D4FDC2DBC}.AppStore|iPhoneSimulator.Build.0 = Release|Any CPU
		{32CD26AC-2742-4BD8-9EDB-628D4FDC2DBC}.AppStore|iPhoneSimulator.Deploy.0 = Release|Any CPU
		{32CD26AC-2742-4BD8-9EDB-628D4FDC2DBC}.AppStore|x64.ActiveCfg = Release|x64
		{32CD26AC-2742-4BD8-9EDB-628D4FDC2DBC}.AppStore|x64.Build.0 = Release|x64
		{32CD26AC-2742-4BD8-9EDB-628D4FDC2DBC}.AppStore|x64.Deploy.0 = Release|x64
		{32CD26AC-2742-4BD8-9EDB-628D4FDC2DBC}.AppStore|x86.ActiveCfg = Release|x86
		{32CD26AC-2742-4BD8-9EDB-628D4FDC2DBC}.AppStore|x86.Build.0 = Release|x86
		{32CD26AC-2742-4BD8-9EDB-628D4FDC2DBC}.AppStore|x86.Deploy.0 = Release|x86
		{32CD26AC-2742-4BD8-9EDB-628D4FDC2DBC}.Debug|Any CPU.ActiveCfg = Debug|Any CPU
		{32CD26AC-2742-4BD8-9EDB-628D4FDC2DBC}.Debug|Any CPU.Build.0 = Debug|Any CPU
		{32CD26AC-2742-4BD8-9EDB-628D4FDC2DBC}.Debug|Any CPU.Deploy.0 = Debug|Any CPU
		{32CD26AC-2742-4BD8-9EDB-628D4FDC2DBC}.Debug|ARM.ActiveCfg = Release|ARM
		{32CD26AC-2742-4BD8-9EDB-628D4FDC2DBC}.Debug|ARM.Build.0 = Release|ARM
		{32CD26AC-2742-4BD8-9EDB-628D4FDC2DBC}.Debug|ARM.Deploy.0 = Release|ARM
		{32CD26AC-2742-4BD8-9EDB-628D4FDC2DBC}.Debug|iPhone.ActiveCfg = Debug|Any CPU
		{32CD26AC-2742-4BD8-9EDB-628D4FDC2DBC}.Debug|iPhone.Build.0 = Debug|Any CPU
		{32CD26AC-2742-4BD8-9EDB-628D4FDC2DBC}.Debug|iPhone.Deploy.0 = Debug|Any CPU
		{32CD26AC-2742-4BD8-9EDB-628D4FDC2DBC}.Debug|iPhoneSimulator.ActiveCfg = Debug|Any CPU
		{32CD26AC-2742-4BD8-9EDB-628D4FDC2DBC}.Debug|iPhoneSimulator.Build.0 = Debug|Any CPU
		{32CD26AC-2742-4BD8-9EDB-628D4FDC2DBC}.Debug|iPhoneSimulator.Deploy.0 = Debug|Any CPU
		{32CD26AC-2742-4BD8-9EDB-628D4FDC2DBC}.Debug|x64.ActiveCfg = Debug|x64
		{32CD26AC-2742-4BD8-9EDB-628D4FDC2DBC}.Debug|x64.Build.0 = Debug|x64
		{32CD26AC-2742-4BD8-9EDB-628D4FDC2DBC}.Debug|x64.Deploy.0 = Debug|x64
		{32CD26AC-2742-4BD8-9EDB-628D4FDC2DBC}.Debug|x86.ActiveCfg = Debug|x86
		{32CD26AC-2742-4BD8-9EDB-628D4FDC2DBC}.Debug|x86.Build.0 = Debug|x86
		{32CD26AC-2742-4BD8-9EDB-628D4FDC2DBC}.Debug|x86.Deploy.0 = Debug|x86
		{32CD26AC-2742-4BD8-9EDB-628D4FDC2DBC}.Release|Any CPU.ActiveCfg = Release|Any CPU
		{32CD26AC-2742-4BD8-9EDB-628D4FDC2DBC}.Release|Any CPU.Build.0 = Release|Any CPU
		{32CD26AC-2742-4BD8-9EDB-628D4FDC2DBC}.Release|Any CPU.Deploy.0 = Release|Any CPU
		{32CD26AC-2742-4BD8-9EDB-628D4FDC2DBC}.Release|ARM.ActiveCfg = Release|ARM
		{32CD26AC-2742-4BD8-9EDB-628D4FDC2DBC}.Release|ARM.Build.0 = Release|ARM
		{32CD26AC-2742-4BD8-9EDB-628D4FDC2DBC}.Release|ARM.Deploy.0 = Release|ARM
		{32CD26AC-2742-4BD8-9EDB-628D4FDC2DBC}.Release|iPhone.ActiveCfg = Release|Any CPU
		{32CD26AC-2742-4BD8-9EDB-628D4FDC2DBC}.Release|iPhone.Build.0 = Release|Any CPU
		{32CD26AC-2742-4BD8-9EDB-628D4FDC2DBC}.Release|iPhone.Deploy.0 = Release|Any CPU
		{32CD26AC-2742-4BD8-9EDB-628D4FDC2DBC}.Release|iPhoneSimulator.ActiveCfg = Release|Any CPU
		{32CD26AC-2742-4BD8-9EDB-628D4FDC2DBC}.Release|iPhoneSimulator.Build.0 = Release|Any CPU
		{32CD26AC-2742-4BD8-9EDB-628D4FDC2DBC}.Release|iPhoneSimulator.Deploy.0 = Release|Any CPU
		{32CD26AC-2742-4BD8-9EDB-628D4FDC2DBC}.Release|x64.ActiveCfg = Release|x64
		{32CD26AC-2742-4BD8-9EDB-628D4FDC2DBC}.Release|x64.Build.0 = Release|x64
		{32CD26AC-2742-4BD8-9EDB-628D4FDC2DBC}.Release|x64.Deploy.0 = Release|x64
		{32CD26AC-2742-4BD8-9EDB-628D4FDC2DBC}.Release|x86.ActiveCfg = Release|x86
		{32CD26AC-2742-4BD8-9EDB-628D4FDC2DBC}.Release|x86.Build.0 = Release|x86
		{32CD26AC-2742-4BD8-9EDB-628D4FDC2DBC}.Release|x86.Deploy.0 = Release|x86
		{BF5B4EA3-295D-4A52-B820-ACDA37207E1A}.Ad-Hoc|Any CPU.ActiveCfg = Release|Any CPU
		{BF5B4EA3-295D-4A52-B820-ACDA37207E1A}.Ad-Hoc|Any CPU.Build.0 = Release|Any CPU
		{BF5B4EA3-295D-4A52-B820-ACDA37207E1A}.Ad-Hoc|ARM.ActiveCfg = Release|Any CPU
		{BF5B4EA3-295D-4A52-B820-ACDA37207E1A}.Ad-Hoc|ARM.Build.0 = Release|Any CPU
		{BF5B4EA3-295D-4A52-B820-ACDA37207E1A}.Ad-Hoc|iPhone.ActiveCfg = Release|Any CPU
		{BF5B4EA3-295D-4A52-B820-ACDA37207E1A}.Ad-Hoc|iPhone.Build.0 = Release|Any CPU
		{BF5B4EA3-295D-4A52-B820-ACDA37207E1A}.Ad-Hoc|iPhoneSimulator.ActiveCfg = Release|Any CPU
		{BF5B4EA3-295D-4A52-B820-ACDA37207E1A}.Ad-Hoc|iPhoneSimulator.Build.0 = Release|Any CPU
		{BF5B4EA3-295D-4A52-B820-ACDA37207E1A}.Ad-Hoc|x64.ActiveCfg = Release|Any CPU
		{BF5B4EA3-295D-4A52-B820-ACDA37207E1A}.Ad-Hoc|x64.Build.0 = Release|Any CPU
		{BF5B4EA3-295D-4A52-B820-ACDA37207E1A}.Ad-Hoc|x86.ActiveCfg = Release|Any CPU
		{BF5B4EA3-295D-4A52-B820-ACDA37207E1A}.Ad-Hoc|x86.Build.0 = Release|Any CPU
		{BF5B4EA3-295D-4A52-B820-ACDA37207E1A}.AppStore|Any CPU.ActiveCfg = Release|Any CPU
		{BF5B4EA3-295D-4A52-B820-ACDA37207E1A}.AppStore|Any CPU.Build.0 = Release|Any CPU
		{BF5B4EA3-295D-4A52-B820-ACDA37207E1A}.AppStore|ARM.ActiveCfg = Release|Any CPU
		{BF5B4EA3-295D-4A52-B820-ACDA37207E1A}.AppStore|ARM.Build.0 = Release|Any CPU
		{BF5B4EA3-295D-4A52-B820-ACDA37207E1A}.AppStore|iPhone.ActiveCfg = Release|Any CPU
		{BF5B4EA3-295D-4A52-B820-ACDA37207E1A}.AppStore|iPhone.Build.0 = Release|Any CPU
		{BF5B4EA3-295D-4A52-B820-ACDA37207E1A}.AppStore|iPhoneSimulator.ActiveCfg = Release|Any CPU
		{BF5B4EA3-295D-4A52-B820-ACDA37207E1A}.AppStore|iPhoneSimulator.Build.0 = Release|Any CPU
		{BF5B4EA3-295D-4A52-B820-ACDA37207E1A}.AppStore|x64.ActiveCfg = Release|Any CPU
		{BF5B4EA3-295D-4A52-B820-ACDA37207E1A}.AppStore|x64.Build.0 = Release|Any CPU
		{BF5B4EA3-295D-4A52-B820-ACDA37207E1A}.AppStore|x86.ActiveCfg = Release|Any CPU
		{BF5B4EA3-295D-4A52-B820-ACDA37207E1A}.AppStore|x86.Build.0 = Release|Any CPU
		{BF5B4EA3-295D-4A52-B820-ACDA37207E1A}.Debug|Any CPU.ActiveCfg = Debug|Any CPU
		{BF5B4EA3-295D-4A52-B820-ACDA37207E1A}.Debug|Any CPU.Build.0 = Debug|Any CPU
		{BF5B4EA3-295D-4A52-B820-ACDA37207E1A}.Debug|ARM.ActiveCfg = Release|Any CPU
		{BF5B4EA3-295D-4A52-B820-ACDA37207E1A}.Debug|ARM.Build.0 = Release|Any CPU
		{BF5B4EA3-295D-4A52-B820-ACDA37207E1A}.Debug|iPhone.ActiveCfg = Debug|Any CPU
		{BF5B4EA3-295D-4A52-B820-ACDA37207E1A}.Debug|iPhone.Build.0 = Debug|Any CPU
		{BF5B4EA3-295D-4A52-B820-ACDA37207E1A}.Debug|iPhoneSimulator.ActiveCfg = Debug|Any CPU
		{BF5B4EA3-295D-4A52-B820-ACDA37207E1A}.Debug|iPhoneSimulator.Build.0 = Debug|Any CPU
		{BF5B4EA3-295D-4A52-B820-ACDA37207E1A}.Debug|x64.ActiveCfg = Debug|Any CPU
		{BF5B4EA3-295D-4A52-B820-ACDA37207E1A}.Debug|x64.Build.0 = Debug|Any CPU
		{BF5B4EA3-295D-4A52-B820-ACDA37207E1A}.Debug|x86.ActiveCfg = Debug|Any CPU
		{BF5B4EA3-295D-4A52-B820-ACDA37207E1A}.Debug|x86.Build.0 = Debug|Any CPU
		{BF5B4EA3-295D-4A52-B820-ACDA37207E1A}.Release|Any CPU.ActiveCfg = Release|Any CPU
		{BF5B4EA3-295D-4A52-B820-ACDA37207E1A}.Release|Any CPU.Build.0 = Release|Any CPU
		{BF5B4EA3-295D-4A52-B820-ACDA37207E1A}.Release|ARM.ActiveCfg = Release|Any CPU
		{BF5B4EA3-295D-4A52-B820-ACDA37207E1A}.Release|ARM.Build.0 = Release|Any CPU
		{BF5B4EA3-295D-4A52-B820-ACDA37207E1A}.Release|iPhone.ActiveCfg = Release|Any CPU
		{BF5B4EA3-295D-4A52-B820-ACDA37207E1A}.Release|iPhone.Build.0 = Release|Any CPU
		{BF5B4EA3-295D-4A52-B820-ACDA37207E1A}.Release|iPhoneSimulator.ActiveCfg = Release|Any CPU
		{BF5B4EA3-295D-4A52-B820-ACDA37207E1A}.Release|iPhoneSimulator.Build.0 = Release|Any CPU
		{BF5B4EA3-295D-4A52-B820-ACDA37207E1A}.Release|x64.ActiveCfg = Release|Any CPU
		{BF5B4EA3-295D-4A52-B820-ACDA37207E1A}.Release|x64.Build.0 = Release|Any CPU
		{BF5B4EA3-295D-4A52-B820-ACDA37207E1A}.Release|x86.ActiveCfg = Release|Any CPU
		{BF5B4EA3-295D-4A52-B820-ACDA37207E1A}.Release|x86.Build.0 = Release|Any CPU
	EndGlobalSection
	GlobalSection(SolutionProperties) = preSolution
		HideSolutionNode = FALSE
	EndGlobalSection
EndGlobal
